// !$*UTF8*$!
{
	archiveVersion = 1;
	classes = {
	};
	objectVersion = 46;
	objects = {

/* Begin PBXBuildFile section */
		2FC2EC061DE218CF001E612A /* AppDelegate.swift in Sources */ = {isa = PBXBuildFile; fileRef = 2FC2EC051DE218CF001E612A /* AppDelegate.swift */; };
		2FC2EC081DE218CF001E612A /* ViewController.swift in Sources */ = {isa = PBXBuildFile; fileRef = 2FC2EC071DE218CF001E612A /* ViewController.swift */; };
		2FC2EC0A1DE218CF001E612A /* Assets.xcassets in Resources */ = {isa = PBXBuildFile; fileRef = 2FC2EC091DE218CF001E612A /* Assets.xcassets */; };
		2FC2EC0D1DE218CF001E612A /* Main.storyboard in Resources */ = {isa = PBXBuildFile; fileRef = 2FC2EC0B1DE218CF001E612A /* Main.storyboard */; };
		2FC2EC181DE218CF001E612A /* PrevuTests.swift in Sources */ = {isa = PBXBuildFile; fileRef = 2FC2EC171DE218CF001E612A /* PrevuTests.swift */; };
		2FC2EC231DE218CF001E612A /* PrevuUITests.swift in Sources */ = {isa = PBXBuildFile; fileRef = 2FC2EC221DE218CF001E612A /* PrevuUITests.swift */; };
		2FC2EC311DE219F4001E612A /* firefox.png in Resources */ = {isa = PBXBuildFile; fileRef = 2FC2EC301DE219F4001E612A /* firefox.png */; };
/* End PBXBuildFile section */

/* Begin PBXContainerItemProxy section */
		2FC2EC141DE218CF001E612A /* PBXContainerItemProxy */ = {
			isa = PBXContainerItemProxy;
			containerPortal = 2FC2EBFA1DE218CE001E612A /* Project object */;
			proxyType = 1;
			remoteGlobalIDString = 2FC2EC011DE218CF001E612A;
			remoteInfo = Prevu;
		};
		2FC2EC1F1DE218CF001E612A /* PBXContainerItemProxy */ = {
			isa = PBXContainerItemProxy;
			containerPortal = 2FC2EBFA1DE218CE001E612A /* Project object */;
			proxyType = 1;
			remoteGlobalIDString = 2FC2EC011DE218CF001E612A;
			remoteInfo = Prevu;
		};
/* End PBXContainerItemProxy section */

/* Begin PBXFileReference section */
		2FC2EC021DE218CF001E612A /* Prevu.app */ = {isa = PBXFileReference; explicitFileType = wrapper.application; includeInIndex = 0; path = Prevu.app; sourceTree = BUILT_PRODUCTS_DIR; };
		2FC2EC051DE218CF001E612A /* AppDelegate.swift */ = {isa = PBXFileReference; lastKnownFileType = sourcecode.swift; path = AppDelegate.swift; sourceTree = "<group>"; };
		2FC2EC071DE218CF001E612A /* ViewController.swift */ = {isa = PBXFileReference; lastKnownFileType = sourcecode.swift; path = ViewController.swift; sourceTree = "<group>"; };
		2FC2EC091DE218CF001E612A /* Assets.xcassets */ = {isa = PBXFileReference; lastKnownFileType = folder.assetcatalog; path = Assets.xcassets; sourceTree = "<group>"; };
		2FC2EC0C1DE218CF001E612A /* Base */ = {isa = PBXFileReference; lastKnownFileType = file.storyboard; name = Base; path = Base.lproj/Main.storyboard; sourceTree = "<group>"; };
		2FC2EC0E1DE218CF001E612A /* Info.plist */ = {isa = PBXFileReference; lastKnownFileType = text.plist.xml; path = Info.plist; sourceTree = "<group>"; };
		2FC2EC131DE218CF001E612A /* PrevuTests.xctest */ = {isa = PBXFileReference; explicitFileType = wrapper.cfbundle; includeInIndex = 0; path = PrevuTests.xctest; sourceTree = BUILT_PRODUCTS_DIR; };
		2FC2EC171DE218CF001E612A /* PrevuTests.swift */ = {isa = PBXFileReference; lastKnownFileType = sourcecode.swift; path = PrevuTests.swift; sourceTree = "<group>"; };
		2FC2EC191DE218CF001E612A /* Info.plist */ = {isa = PBXFileReference; lastKnownFileType = text.plist.xml; path = Info.plist; sourceTree = "<group>"; };
		2FC2EC1E1DE218CF001E612A /* PrevuUITests.xctest */ = {isa = PBXFileReference; explicitFileType = wrapper.cfbundle; includeInIndex = 0; path = PrevuUITests.xctest; sourceTree = BUILT_PRODUCTS_DIR; };
		2FC2EC221DE218CF001E612A /* PrevuUITests.swift */ = {isa = PBXFileReference; lastKnownFileType = sourcecode.swift; path = PrevuUITests.swift; sourceTree = "<group>"; };
		2FC2EC241DE218CF001E612A /* Info.plist */ = {isa = PBXFileReference; lastKnownFileType = text.plist.xml; path = Info.plist; sourceTree = "<group>"; };
		2FC2EC301DE219F4001E612A /* firefox.png */ = {isa = PBXFileReference; lastKnownFileType = image.png; path = firefox.png; sourceTree = "<group>"; };
/* End PBXFileReference section */

/* Begin PBXFrameworksBuildPhase section */
		2FC2EBFF1DE218CF001E612A /* Frameworks */ = {
			isa = PBXFrameworksBuildPhase;
			buildActionMask = 2147483647;
			files = (
			);
			runOnlyForDeploymentPostprocessing = 0;
		};
		2FC2EC101DE218CF001E612A /* Frameworks */ = {
			isa = PBXFrameworksBuildPhase;
			buildActionMask = 2147483647;
			files = (
			);
			runOnlyForDeploymentPostprocessing = 0;
		};
		2FC2EC1B1DE218CF001E612A /* Frameworks */ = {
			isa = PBXFrameworksBuildPhase;
			buildActionMask = 2147483647;
			files = (
			);
			runOnlyForDeploymentPostprocessing = 0;
		};
/* End PBXFrameworksBuildPhase section */

/* Begin PBXGroup section */
		2FC2EBF91DE218CE001E612A = {
			isa = PBXGroup;
			children = (
				2FC2EC041DE218CF001E612A /* Prevu */,
				2FC2EC161DE218CF001E612A /* PrevuTests */,
				2FC2EC211DE218CF001E612A /* PrevuUITests */,
				2FC2EC031DE218CF001E612A /* Products */,
			);
			sourceTree = "<group>";
		};
		2FC2EC031DE218CF001E612A /* Products */ = {
			isa = PBXGroup;
			children = (
				2FC2EC021DE218CF001E612A /* Prevu.app */,
				2FC2EC131DE218CF001E612A /* PrevuTests.xctest */,
				2FC2EC1E1DE218CF001E612A /* PrevuUITests.xctest */,
			);
			name = Products;
			sourceTree = "<group>";
		};
		2FC2EC041DE218CF001E612A /* Prevu */ = {
			isa = PBXGroup;
			children = (
				2FC2EC051DE218CF001E612A /* AppDelegate.swift */,
				2FC2EC071DE218CF001E612A /* ViewController.swift */,
				2FC2EC091DE218CF001E612A /* Assets.xcassets */,
				2FC2EC0B1DE218CF001E612A /* Main.storyboard */,
				2FC2EC0E1DE218CF001E612A /* Info.plist */,
				2FC2EC301DE219F4001E612A /* firefox.png */,
			);
			path = Prevu;
			sourceTree = "<group>";
		};
		2FC2EC161DE218CF001E612A /* PrevuTests */ = {
			isa = PBXGroup;
			children = (
				2FC2EC171DE218CF001E612A /* PrevuTests.swift */,
				2FC2EC191DE218CF001E612A /* Info.plist */,
			);
			path = PrevuTests;
			sourceTree = "<group>";
		};
		2FC2EC211DE218CF001E612A /* PrevuUITests */ = {
			isa = PBXGroup;
			children = (
				2FC2EC221DE218CF001E612A /* PrevuUITests.swift */,
				2FC2EC241DE218CF001E612A /* Info.plist */,
			);
			path = PrevuUITests;
			sourceTree = "<group>";
		};
/* End PBXGroup section */

/* Begin PBXNativeTarget section */
		2FC2EC011DE218CF001E612A /* Prevu */ = {
			isa = PBXNativeTarget;
			buildConfigurationList = 2FC2EC271DE218CF001E612A /* Build configuration list for PBXNativeTarget "Prevu" */;
			buildPhases = (
				2FC2EBFE1DE218CF001E612A /* Sources */,
				2FC2EBFF1DE218CF001E612A /* Frameworks */,
				2FC2EC001DE218CF001E612A /* Resources */,
			);
			buildRules = (
			);
			dependencies = (
			);
			name = Prevu;
			productName = Prevu;
			productReference = 2FC2EC021DE218CF001E612A /* Prevu.app */;
			productType = "com.apple.product-type.application";
		};
		2FC2EC121DE218CF001E612A /* PrevuTests */ = {
			isa = PBXNativeTarget;
			buildConfigurationList = 2FC2EC2A1DE218CF001E612A /* Build configuration list for PBXNativeTarget "PrevuTests" */;
			buildPhases = (
				2FC2EC0F1DE218CF001E612A /* Sources */,
				2FC2EC101DE218CF001E612A /* Frameworks */,
				2FC2EC111DE218CF001E612A /* Resources */,
			);
			buildRules = (
			);
			dependencies = (
				2FC2EC151DE218CF001E612A /* PBXTargetDependency */,
			);
			name = PrevuTests;
			productName = PrevuTests;
			productReference = 2FC2EC131DE218CF001E612A /* PrevuTests.xctest */;
			productType = "com.apple.product-type.bundle.unit-test";
		};
		2FC2EC1D1DE218CF001E612A /* PrevuUITests */ = {
			isa = PBXNativeTarget;
			buildConfigurationList = 2FC2EC2D1DE218CF001E612A /* Build configuration list for PBXNativeTarget "PrevuUITests" */;
			buildPhases = (
				2FC2EC1A1DE218CF001E612A /* Sources */,
				2FC2EC1B1DE218CF001E612A /* Frameworks */,
				2FC2EC1C1DE218CF001E612A /* Resources */,
			);
			buildRules = (
			);
			dependencies = (
				2FC2EC201DE218CF001E612A /* PBXTargetDependency */,
			);
			name = PrevuUITests;
			productName = PrevuUITests;
			productReference = 2FC2EC1E1DE218CF001E612A /* PrevuUITests.xctest */;
			productType = "com.apple.product-type.bundle.ui-testing";
		};
/* End PBXNativeTarget section */

/* Begin PBXProject section */
		2FC2EBFA1DE218CE001E612A /* Project object */ = {
			isa = PBXProject;
			attributes = {
				LastSwiftUpdateCheck = 0800;
				LastUpgradeCheck = 0800;
				ORGANIZATIONNAME = "Efim Polevoi";
				TargetAttributes = {
					2FC2EC011DE218CF001E612A = {
						CreatedOnToolsVersion = 8.0;
						DevelopmentTeam = VN6H2JZ3DV;
						ProvisioningStyle = Automatic;
					};
					2FC2EC121DE218CF001E612A = {
						CreatedOnToolsVersion = 8.0;
						DevelopmentTeam = VN6H2JZ3DV;
						ProvisioningStyle = Automatic;
						TestTargetID = 2FC2EC011DE218CF001E612A;
					};
					2FC2EC1D1DE218CF001E612A = {
						CreatedOnToolsVersion = 8.0;
						DevelopmentTeam = VN6H2JZ3DV;
						ProvisioningStyle = Automatic;
						TestTargetID = 2FC2EC011DE218CF001E612A;
					};
				};
			};
			buildConfigurationList = 2FC2EBFD1DE218CE001E612A /* Build configuration list for PBXProject "Prevu" */;
			compatibilityVersion = "Xcode 3.2";
			developmentRegion = English;
			hasScannedForEncodings = 0;
			knownRegions = (
				en,
				Base,
			);
			mainGroup = 2FC2EBF91DE218CE001E612A;
			productRefGroup = 2FC2EC031DE218CF001E612A /* Products */;
			projectDirPath = "";
			projectRoot = "";
			targets = (
				2FC2EC011DE218CF001E612A /* Prevu */,
				2FC2EC121DE218CF001E612A /* PrevuTests */,
				2FC2EC1D1DE218CF001E612A /* PrevuUITests */,
			);
		};
/* End PBXProject section */

/* Begin PBXResourcesBuildPhase section */
		2FC2EC001DE218CF001E612A /* Resources */ = {
			isa = PBXResourcesBuildPhase;
			buildActionMask = 2147483647;
			files = (
				2FC2EC0A1DE218CF001E612A /* Assets.xcassets in Resources */,
				2FC2EC0D1DE218CF001E612A /* Main.storyboard in Resources */,
				2FC2EC311DE219F4001E612A /* firefox.png in Resources */,
			);
			runOnlyForDeploymentPostprocessing = 0;
		};
		2FC2EC111DE218CF001E612A /* Resources */ = {
			isa = PBXResourcesBuildPhase;
			buildActionMask = 2147483647;
			files = (
			);
			runOnlyForDeploymentPostprocessing = 0;
		};
		2FC2EC1C1DE218CF001E612A /* Resources */ = {
			isa = PBXResourcesBuildPhase;
			buildActionMask = 2147483647;
			files = (
			);
			runOnlyForDeploymentPostprocessing = 0;
		};
/* End PBXResourcesBuildPhase section */

/* Begin PBXSourcesBuildPhase section */
		2FC2EBFE1DE218CF001E612A /* Sources */ = {
			isa = PBXSourcesBuildPhase;
			buildActionMask = 2147483647;
			files = (
				2FC2EC081DE218CF001E612A /* ViewController.swift in Sources */,
				2FC2EC061DE218CF001E612A /* AppDelegate.swift in Sources */,
			);
			runOnlyForDeploymentPostprocessing = 0;
		};
		2FC2EC0F1DE218CF001E612A /* Sources */ = {
			isa = PBXSourcesBuildPhase;
			buildActionMask = 2147483647;
			files = (
				2FC2EC181DE218CF001E612A /* PrevuTests.swift in Sources */,
			);
			runOnlyForDeploymentPostprocessing = 0;
		};
		2FC2EC1A1DE218CF001E612A /* Sources */ = {
			isa = PBXSourcesBuildPhase;
			buildActionMask = 2147483647;
			files = (
				2FC2EC231DE218CF001E612A /* PrevuUITests.swift in Sources */,
			);
			runOnlyForDeploymentPostprocessing = 0;
		};
/* End PBXSourcesBuildPhase section */

/* Begin PBXTargetDependency section */
		2FC2EC151DE218CF001E612A /* PBXTargetDependency */ = {
			isa = PBXTargetDependency;
			target = 2FC2EC011DE218CF001E612A /* Prevu */;
			targetProxy = 2FC2EC141DE218CF001E612A /* PBXContainerItemProxy */;
		};
		2FC2EC201DE218CF001E612A /* PBXTargetDependency */ = {
			isa = PBXTargetDependency;
			target = 2FC2EC011DE218CF001E612A /* Prevu */;
			targetProxy = 2FC2EC1F1DE218CF001E612A /* PBXContainerItemProxy */;
		};
/* End PBXTargetDependency section */

/* Begin PBXVariantGroup section */
		2FC2EC0B1DE218CF001E612A /* Main.storyboard */ = {
			isa = PBXVariantGroup;
			children = (
				2FC2EC0C1DE218CF001E612A /* Base */,
			);
			name = Main.storyboard;
			sourceTree = "<group>";
		};
/* End PBXVariantGroup section */

/* Begin XCBuildConfiguration section */
		2FC2EC251DE218CF001E612A /* Debug */ = {
			isa = XCBuildConfiguration;
			buildSettings = {
				ALWAYS_SEARCH_USER_PATHS = NO;
				CLANG_ANALYZER_NONNULL = YES;
				CLANG_CXX_LANGUAGE_STANDARD = "gnu++0x";
				CLANG_CXX_LIBRARY = "libc++";
				CLANG_ENABLE_MODULES = YES;
				CLANG_ENABLE_OBJC_ARC = YES;
				CLANG_WARN_BOOL_CONVERSION = YES;
				CLANG_WARN_CONSTANT_CONVERSION = YES;
				CLANG_WARN_DIRECT_OBJC_ISA_USAGE = YES_ERROR;
				CLANG_WARN_DOCUMENTATION_COMMENTS = YES;
				CLANG_WARN_EMPTY_BODY = YES;
				CLANG_WARN_ENUM_CONVERSION = YES;
				CLANG_WARN_INFINITE_RECURSION = YES;
				CLANG_WARN_INT_CONVERSION = YES;
				CLANG_WARN_OBJC_ROOT_CLASS = YES_ERROR;
				CLANG_WARN_SUSPICIOUS_MOVES = YES;
				CLANG_WARN_UNREACHABLE_CODE = YES;
				CLANG_WARN__DUPLICATE_METHOD_MATCH = YES;
				CODE_SIGN_IDENTITY = "-";
				COPY_PHASE_STRIP = NO;
				DEBUG_INFORMATION_FORMAT = dwarf;
				ENABLE_STRICT_OBJC_MSGSEND = YES;
				ENABLE_TESTABILITY = YES;
				GCC_C_LANGUAGE_STANDARD = gnu99;
				GCC_DYNAMIC_NO_PIC = NO;
				GCC_NO_COMMON_BLOCKS = YES;
				GCC_OPTIMIZATION_LEVEL = 0;
				GCC_PREPROCESSOR_DEFINITIONS = (
					"DEBUG=1",
					"$(inherited)",
				);
				GCC_WARN_64_TO_32_BIT_CONVERSION = YES;
				GCC_WARN_ABOUT_RETURN_TYPE = YES_ERROR;
				GCC_WARN_UNDECLARED_SELECTOR = YES;
				GCC_WARN_UNINITIALIZED_AUTOS = YES_AGGRESSIVE;
				GCC_WARN_UNUSED_FUNCTION = YES;
				GCC_WARN_UNUSED_VARIABLE = YES;
				MACOSX_DEPLOYMENT_TARGET = 10.11;
				MTL_ENABLE_DEBUG_INFO = YES;
				ONLY_ACTIVE_ARCH = YES;
				SDKROOT = macosx;
				SWIFT_ACTIVE_COMPILATION_CONDITIONS = DEBUG;
				SWIFT_OPTIMIZATION_LEVEL = "-Onone";
			};
			name = Debug;
		};
		2FC2EC261DE218CF001E612A /* Release */ = {
			isa = XCBuildConfiguration;
			buildSettings = {
				ALWAYS_SEARCH_USER_PATHS = NO;
				CLANG_ANALYZER_NONNULL = YES;
				CLANG_CXX_LANGUAGE_STANDARD = "gnu++0x";
				CLANG_CXX_LIBRARY = "libc++";
				CLANG_ENABLE_MODULES = YES;
				CLANG_ENABLE_OBJC_ARC = YES;
				CLANG_WARN_BOOL_CONVERSION = YES;
				CLANG_WARN_CONSTANT_CONVERSION = YES;
				CLANG_WARN_DIRECT_OBJC_ISA_USAGE = YES_ERROR;
				CLANG_WARN_DOCUMENTATION_COMMENTS = YES;
				CLANG_WARN_EMPTY_BODY = YES;
				CLANG_WARN_ENUM_CONVERSION = YES;
				CLANG_WARN_INFINITE_RECURSION = YES;
				CLANG_WARN_INT_CONVERSION = YES;
				CLANG_WARN_OBJC_ROOT_CLASS = YES_ERROR;
				CLANG_WARN_SUSPICIOUS_MOVES = YES;
				CLANG_WARN_UNREACHABLE_CODE = YES;
				CLANG_WARN__DUPLICATE_METHOD_MATCH = YES;
				CODE_SIGN_IDENTITY = "-";
				COPY_PHASE_STRIP = NO;
				DEBUG_INFORMATION_FORMAT = "dwarf-with-dsym";
				ENABLE_NS_ASSERTIONS = NO;
				ENABLE_STRICT_OBJC_MSGSEND = YES;
				GCC_C_LANGUAGE_STANDARD = gnu99;
				GCC_NO_COMMON_BLOCKS = YES;
				GCC_WARN_64_TO_32_BIT_CONVERSION = YES;
				GCC_WARN_ABOUT_RETURN_TYPE = YES_ERROR;
				GCC_WARN_UNDECLARED_SELECTOR = YES;
				GCC_WARN_UNINITIALIZED_AUTOS = YES_AGGRESSIVE;
				GCC_WARN_UNUSED_FUNCTION = YES;
				GCC_WARN_UNUSED_VARIABLE = YES;
				MACOSX_DEPLOYMENT_TARGET = 10.11;
				MTL_ENABLE_DEBUG_INFO = NO;
				SDKROOT = macosx;
				SWIFT_OPTIMIZATION_LEVEL = "-Owholemodule";
			};
			name = Release;
		};
		2FC2EC281DE218CF001E612A /* Debug */ = {
			isa = XCBuildConfiguration;
			buildSettings = {
				ASSETCATALOG_COMPILER_APPICON_NAME = AppIcon;
				COMBINE_HIDPI_IMAGES = YES;
				DEVELOPMENT_TEAM = VN6H2JZ3DV;
				INFOPLIST_FILE = Prevu/Info.plist;
				LD_RUNPATH_SEARCH_PATHS = "$(inherited) @executable_path/../Frameworks";
				PRODUCT_BUNDLE_IDENTIFIER = efim.Prevu;
				PRODUCT_NAME = "$(TARGET_NAME)";
				SWIFT_VERSION = 3.0;
			};
			name = Debug;
		};
		2FC2EC291DE218CF001E612A /* Release */ = {
			isa = XCBuildConfiguration;
			buildSettings = {
				ASSETCATALOG_COMPILER_APPICON_NAME = AppIcon;
				COMBINE_HIDPI_IMAGES = YES;
				DEVELOPMENT_TEAM = VN6H2JZ3DV;
				INFOPLIST_FILE = Prevu/Info.plist;
				LD_RUNPATH_SEARCH_PATHS = "$(inherited) @executable_path/../Frameworks";
				PRODUCT_BUNDLE_IDENTIFIER = efim.Prevu;
				PRODUCT_NAME = "$(TARGET_NAME)";
				SWIFT_VERSION = 3.0;
			};
			name = Release;
		};
		2FC2EC2B1DE218CF001E612A /* Debug */ = {
			isa = XCBuildConfiguration;
			buildSettings = {
				ALWAYS_EMBED_SWIFT_STANDARD_LIBRARIES = YES;
				BUNDLE_LOADER = "$(TEST_HOST)";
				COMBINE_HIDPI_IMAGES = YES;
				DEVELOPMENT_TEAM = VN6H2JZ3DV;
				INFOPLIST_FILE = PrevuTests/Info.plist;
				LD_RUNPATH_SEARCH_PATHS = "$(inherited) @executable_path/../Frameworks @loader_path/../Frameworks";
				PRODUCT_BUNDLE_IDENTIFIER = efim.PrevuTests;
				PRODUCT_NAME = "$(TARGET_NAME)";
				SWIFT_VERSION = 3.0;
				TEST_HOST = "$(BUILT_PRODUCTS_DIR)/Prevu.app/Contents/MacOS/Prevu";
			};
			name = Debug;
		};
		2FC2EC2C1DE218CF001E612A /* Release */ = {
			isa = XCBuildConfiguration;
			buildSettings = {
				ALWAYS_EMBED_SWIFT_STANDARD_LIBRARIES = YES;
				BUNDLE_LOADER = "$(TEST_HOST)";
				COMBINE_HIDPI_IMAGES = YES;
				DEVELOPMENT_TEAM = VN6H2JZ3DV;
				INFOPLIST_FILE = PrevuTests/Info.plist;
				LD_RUNPATH_SEARCH_PATHS = "$(inherited) @executable_path/../Frameworks @loader_path/../Frameworks";
				PRODUCT_BUNDLE_IDENTIFIER = efim.PrevuTests;
				PRODUCT_NAME = "$(TARGET_NAME)";
				SWIFT_VERSION = 3.0;
				TEST_HOST = "$(BUILT_PRODUCTS_DIR)/Prevu.app/Contents/MacOS/Prevu";
			};
			name = Release;
		};
		2FC2EC2E1DE218CF001E612A /* Debug */ = {
			isa = XCBuildConfiguration;
			buildSettings = {
				ALWAYS_EMBED_SWIFT_STANDARD_LIBRARIES = YES;
				COMBINE_HIDPI_IMAGES = YES;
				DEVELOPMENT_TEAM = VN6H2JZ3DV;
				INFOPLIST_FILE = PrevuUITests/Info.plist;
				LD_RUNPATH_SEARCH_PATHS = "$(inherited) @executable_path/../Frameworks @loader_path/../Frameworks";
				PRODUCT_BUNDLE_IDENTIFIER = efim.PrevuUITests;
				PRODUCT_NAME = "$(TARGET_NAME)";
				SWIFT_VERSION = 3.0;
				TEST_TARGET_NAME = Prevu;
			};
			name = Debug;
		};
		2FC2EC2F1DE218CF001E612A /* Release */ = {
			isa = XCBuildConfiguration;
			buildSettings = {
				ALWAYS_EMBED_SWIFT_STANDARD_LIBRARIES = YES;
				COMBINE_HIDPI_IMAGES = YES;
				DEVELOPMENT_TEAM = VN6H2JZ3DV;
				INFOPLIST_FILE = PrevuUITests/Info.plist;
				LD_RUNPATH_SEARCH_PATHS = "$(inherited) @executable_path/../Frameworks @loader_path/../Frameworks";
				PRODUCT_BUNDLE_IDENTIFIER = efim.PrevuUITests;
				PRODUCT_NAME = "$(TARGET_NAME)";
				SWIFT_VERSION = 3.0;
				TEST_TARGET_NAME = Prevu;
			};
			name = Release;
		};
/* End XCBuildConfiguration section */

/* Begin XCConfigurationList section */
		2FC2EBFD1DE218CE001E612A /* Build configuration list for PBXProject "Prevu" */ = {
			isa = XCConfigurationList;
			buildConfigurations = (
				2FC2EC251DE218CF001E612A /* Debug */,
				2FC2EC261DE218CF001E612A /* Release */,
			);
			defaultConfigurationIsVisible = 0;
			defaultConfigurationName = Release;
		};
		2FC2EC271DE218CF001E612A /* Build configuration list for PBXNativeTarget "Prevu" */ = {
			isa = XCConfigurationList;
			buildConfigurations = (
				2FC2EC281DE218CF001E612A /* Debug */,
				2FC2EC291DE218CF001E612A /* Release */,
			);
			defaultConfigurationIsVisible = 0;
		};
		2FC2EC2A1DE218CF001E612A /* Build configuration list for PBXNativeTarget "PrevuTests" */ = {
			isa = XCConfigurationList;
			buildConfigurations = (
				2FC2EC2B1DE218CF001E612A /* Debug */,
				2FC2EC2C1DE218CF001E612A /* Release */,
			);
			defaultConfigurationIsVisible = 0;
		};
		2FC2EC2D1DE218CF001E612A /* Build configuration list for PBXNativeTarget "PrevuUITests" */ = {
			isa = XCConfigurationList;
			buildConfigurations = (
				2FC2EC2E1DE218CF001E612A /* Debug */,
				2FC2EC2F1DE218CF001E612A /* Release */,
			);
			defaultConfigurationIsVisible = 0;
		};
/* End XCConfigurationList section */
	};
	rootObject = 2FC2EBFA1DE218CE001E612A /* Project object */;
}
